
Microsoft Visual Studio Solution File, Format Version 12.00
# Visual Studio 15
VisualStudioVersion = 15.0.28010.2046
MinimumVisualStudioVersion = 10.0.40219.1
Project("{FAE04EC0-301F-11D3-BF4B-00C04F79EFBC}") = "AniDeckOfCards", "AniDeckOfCards\AniDeckOfCards.csproj", "{70388B26-C2F8-40D9-81AF-0014393DCFE5}"
EndProject
Global
	GlobalSection(SolutionConfigurationPlatforms) = preSolution
		Debug|Any CPU = Debug|Any CPU
		Release|Any CPU = Release|Any CPU
	EndGlobalSection
	GlobalSection(ProjectConfigurationPlatforms) = postSolution
		{70388B26-C2F8-40D9-81AF-0014393DCFE5}.Debug|Any CPU.ActiveCfg = Debug|Any CPU
		{70388B26-C2F8-40D9-81AF-0014393DCFE5}.Debug|Any CPU.Build.0 = Debug|Any CPU
		{70388B26-C2F8-40D9-81AF-0014393DCFE5}.Release|Any CPU.ActiveCfg = Release|Any CPU
		{70388B26-C2F8-40D9-81AF-0014393DCFE5}.Release|Any CPU.Build.0 = Release|Any CPU
	EndGlobalSection
	GlobalSection(SolutionProperties) = preSolution
		HideSolutionNode = FALSE
	EndGlobalSection
	GlobalSection(ExtensibilityGlobals) = postSolution
		SolutionGuid = {0A26C21E-68C5-4350-97A9-E9B7883CEE4C}
	EndGlobalSection
EndGlobal
